
Microsoft Visual Studio Solution File, Format Version 12.00
# Visual Studio Version 17
VisualStudioVersion = 17.0.31903.59
MinimumVisualStudioVersion = 10.0.40219.1
Project("{FAE04EC0-301F-11D3-BF4B-00C04F79EFBC}") = "LearDesignPattern", "LearDesignPattern\LearDesignPattern.csproj", "{7DE103F9-F494-4510-A66A-41ECCBF3831B}"
EndProject
Project("{FAE04EC0-301F-11D3-BF4B-00C04F79EFBC}") = "SampleTest", "SampleTest\SampleTest.csproj", "{5F54019A-D464-4084-A3AC-4326261D4A55}"
EndProject
Global
	GlobalSection(SolutionConfigurationPlatforms) = preSolution
		Debug|Any CPU = Debug|Any CPU
		Release|Any CPU = Release|Any CPU
	EndGlobalSection
	GlobalSection(SolutionProperties) = preSolution
		HideSolutionNode = FALSE
	EndGlobalSection
	GlobalSection(ProjectConfigurationPlatforms) = postSolution
		{7DE103F9-F494-4510-A66A-41ECCBF3831B}.Debug|Any CPU.ActiveCfg = Debug|Any CPU
		{7DE103F9-F494-4510-A66A-41ECCBF3831B}.Debug|Any CPU.Build.0 = Debug|Any CPU
		{7DE103F9-F494-4510-A66A-41ECCBF3831B}.Release|Any CPU.ActiveCfg = Release|Any CPU
		{7DE103F9-F494-4510-A66A-41ECCBF3831B}.Release|Any CPU.Build.0 = Release|Any CPU
		{5F54019A-D464-4084-A3AC-4326261D4A55}.Debug|Any CPU.ActiveCfg = Debug|Any CPU
		{5F54019A-D464-4084-A3AC-4326261D4A55}.Debug|Any CPU.Build.0 = Debug|Any CPU
		{5F54019A-D464-4084-A3AC-4326261D4A55}.Release|Any CPU.ActiveCfg = Release|Any CPU
		{5F54019A-D464-4084-A3AC-4326261D4A55}.Release|Any CPU.Build.0 = Release|Any CPU
	EndGlobalSection
EndGlobal
